
Microsoft Visual Studio Solution File, Format Version 12.00
# Visual Studio Version 17
VisualStudioVersion = 17.8.34309.116
MinimumVisualStudioVersion = 10.0.40219.1
Project("{9A19103F-16F7-4668-BE54-9A1E7A4F7556}") = "Presentation", "Presentation\Presentation.csproj", "{CCAF17AE-6CDF-40ED-8DB7-6A0B034B9F79}"
EndProject
Project("{9A19103F-16F7-4668-BE54-9A1E7A4F7556}") = "Domain", "Domain\Domain.csproj", "{3C99190D-4791-4C87-ABAC-0525FDC56210}"
EndProject
Project("{9A19103F-16F7-4668-BE54-9A1E7A4F7556}") = "Persistence", "Persistence\Persistence.csproj", "{0F5845BB-31A2-484A-893B-6D27B86CA8DA}"
EndProject
Project("{FAE04EC0-301F-11D3-BF4B-00C04F79EFBC}") = "Application", "Application\Application.csproj", "{3C965E55-95D6-4210-A8C7-FF5A09EBB764}"
EndProject
Project("{FAE04EC0-301F-11D3-BF4B-00C04F79EFBC}") = "Infrastructure", "Infrastructure\Infrastructure.csproj", "{836E272A-AB02-40BC-B95D-F0EDDEC635F4}"
EndProject
Global
	GlobalSection(SolutionConfigurationPlatforms) = preSolution
		Debug|Any CPU = Debug|Any CPU
		Release|Any CPU = Release|Any CPU
	EndGlobalSection
	GlobalSection(ProjectConfigurationPlatforms) = postSolution
		{CCAF17AE-6CDF-40ED-8DB7-6A0B034B9F79}.Debug|Any CPU.ActiveCfg = Debug|Any CPU
		{CCAF17AE-6CDF-40ED-8DB7-6A0B034B9F79}.Debug|Any CPU.Build.0 = Debug|Any CPU
		{CCAF17AE-6CDF-40ED-8DB7-6A0B034B9F79}.Release|Any CPU.ActiveCfg = Release|Any CPU
		{CCAF17AE-6CDF-40ED-8DB7-6A0B034B9F79}.Release|Any CPU.Build.0 = Release|Any CPU
		{3C99190D-4791-4C87-ABAC-0525FDC56210}.Debug|Any CPU.ActiveCfg = Debug|Any CPU
		{3C99190D-4791-4C87-ABAC-0525FDC56210}.Debug|Any CPU.Build.0 = Debug|Any CPU
		{3C99190D-4791-4C87-ABAC-0525FDC56210}.Release|Any CPU.ActiveCfg = Release|Any CPU
		{3C99190D-4791-4C87-ABAC-0525FDC56210}.Release|Any CPU.Build.0 = Release|Any CPU
		{0F5845BB-31A2-484A-893B-6D27B86CA8DA}.Debug|Any CPU.ActiveCfg = Debug|Any CPU
		{0F5845BB-31A2-484A-893B-6D27B86CA8DA}.Debug|Any CPU.Build.0 = Debug|Any CPU
		{0F5845BB-31A2-484A-893B-6D27B86CA8DA}.Release|Any CPU.ActiveCfg = Release|Any CPU
		{0F5845BB-31A2-484A-893B-6D27B86CA8DA}.Release|Any CPU.Build.0 = Release|Any CPU
		{3C965E55-95D6-4210-A8C7-FF5A09EBB764}.Debug|Any CPU.ActiveCfg = Debug|Any CPU
		{3C965E55-95D6-4210-A8C7-FF5A09EBB764}.Debug|Any CPU.Build.0 = Debug|Any CPU
		{3C965E55-95D6-4210-A8C7-FF5A09EBB764}.Release|Any CPU.ActiveCfg = Release|Any CPU
		{3C965E55-95D6-4210-A8C7-FF5A09EBB764}.Release|Any CPU.Build.0 = Release|Any CPU
		{836E272A-AB02-40BC-B95D-F0EDDEC635F4}.Debug|Any CPU.ActiveCfg = Debug|Any CPU
		{836E272A-AB02-40BC-B95D-F0EDDEC635F4}.Debug|Any CPU.Build.0 = Debug|Any CPU
		{836E272A-AB02-40BC-B95D-F0EDDEC635F4}.Release|Any CPU.ActiveCfg = Release|Any CPU
		{836E272A-AB02-40BC-B95D-F0EDDEC635F4}.Release|Any CPU.Build.0 = Release|Any CPU
	EndGlobalSection
	GlobalSection(SolutionProperties) = preSolution
		HideSolutionNode = FALSE
	EndGlobalSection
	GlobalSection(ExtensibilityGlobals) = postSolution
		SolutionGuid = {B24CBA17-F8FD-427E-A265-05826054A3CD}
	EndGlobalSection
EndGlobal
